
Microsoft Visual Studio Solution File, Format Version 12.00
# Visual Studio 14
VisualStudioVersion = 14.0.25420.1
MinimumVisualStudioVersion = 10.0.40219.1
Project("{FAE04EC0-301F-11D3-BF4B-00C04F79EFBC}") = "CSharp_Study", "CSharp_Study\CSharp_Study.csproj", "{51E16CD4-CDEE-4877-8C2E-78D27776E3D1}"
EndProject
Project("{FAE04EC0-301F-11D3-BF4B-00C04F79EFBC}") = "DongFormsApplication", "DongFormsApplication\DongFormsApplication.csproj", "{77427C12-F046-4028-8F5D-48702ED22596}"
EndProject
Global
	GlobalSection(SolutionConfigurationPlatforms) = preSolution
		Debug|Any CPU = Debug|Any CPU
		Release|Any CPU = Release|Any CPU
	EndGlobalSection
	GlobalSection(ProjectConfigurationPlatforms) = postSolution
		{51E16CD4-CDEE-4877-8C2E-78D27776E3D1}.Debug|Any CPU.ActiveCfg = Debug|Any CPU
		{51E16CD4-CDEE-4877-8C2E-78D27776E3D1}.Debug|Any CPU.Build.0 = Debug|Any CPU
		{51E16CD4-CDEE-4877-8C2E-78D27776E3D1}.Release|Any CPU.ActiveCfg = Release|Any CPU
		{51E16CD4-CDEE-4877-8C2E-78D27776E3D1}.Release|Any CPU.Build.0 = Release|Any CPU
		{77427C12-F046-4028-8F5D-48702ED22596}.Debug|Any CPU.ActiveCfg = Debug|Any CPU
		{77427C12-F046-4028-8F5D-48702ED22596}.Debug|Any CPU.Build.0 = Debug|Any CPU
		{77427C12-F046-4028-8F5D-48702ED22596}.Release|Any CPU.ActiveCfg = Release|Any CPU
		{77427C12-F046-4028-8F5D-48702ED22596}.Release|Any CPU.Build.0 = Release|Any CPU
	EndGlobalSection
	GlobalSection(SolutionProperties) = preSolution
		HideSolutionNode = FALSE
	EndGlobalSection
EndGlobal
